
Microsoft Visual Studio Solution File, Format Version 12.00
# Visual Studio 14
VisualStudioVersion = 14.0.25123.0
MinimumVisualStudioVersion = 10.0.40219.1
Project("{FAE04EC0-301F-11D3-BF4B-00C04F79EFBC}") = "Spark.Infra", "Spark.Infra\Spark.Infra.csproj", "{02E9598A-F44E-4359-844A-DFC8BDC9E36C}"
EndProject
Project("{FAE04EC0-301F-11D3-BF4B-00C04F79EFBC}") = "Spark.Infra.Tests", "Spark.Infra.Tests\Spark.Infra.Tests.csproj", "{8CED340F-40CE-4E28-8286-0E08189B7310}"
EndProject
Global
	GlobalSection(SolutionConfigurationPlatforms) = preSolution
		Debug|Any CPU = Debug|Any CPU
		Release|Any CPU = Release|Any CPU
	EndGlobalSection
	GlobalSection(ProjectConfigurationPlatforms) = postSolution
		{02E9598A-F44E-4359-844A-DFC8BDC9E36C}.Debug|Any CPU.ActiveCfg = Debug|Any CPU
		{02E9598A-F44E-4359-844A-DFC8BDC9E36C}.Debug|Any CPU.Build.0 = Debug|Any CPU
		{02E9598A-F44E-4359-844A-DFC8BDC9E36C}.Release|Any CPU.ActiveCfg = Release|Any CPU
		{02E9598A-F44E-4359-844A-DFC8BDC9E36C}.Release|Any CPU.Build.0 = Release|Any CPU
		{8CED340F-40CE-4E28-8286-0E08189B7310}.Debug|Any CPU.ActiveCfg = Debug|Any CPU
		{8CED340F-40CE-4E28-8286-0E08189B7310}.Debug|Any CPU.Build.0 = Debug|Any CPU
		{8CED340F-40CE-4E28-8286-0E08189B7310}.Release|Any CPU.ActiveCfg = Release|Any CPU
		{8CED340F-40CE-4E28-8286-0E08189B7310}.Release|Any CPU.Build.0 = Release|Any CPU
	EndGlobalSection
	GlobalSection(SolutionProperties) = preSolution
		HideSolutionNode = FALSE
	EndGlobalSection
	GlobalSection(TeamFoundationVersionControl) = preSolution
		SccNumberOfProjects = 3
		SccEnterpriseProvider = {4CA58AB2-18FA-4F8D-95D4-32DDF27D184C}
		SccTeamFoundationServer = http://tfs2012:8080/tfs/defaultcollection_2010
		SccLocalPath0 = .
		SccProjectUniqueName1 = Spark.Infra\\Spark.Infra.csproj
		SccProjectName1 = Spark.Infra
		SccLocalPath1 = Spark.Infra
		SccProjectUniqueName2 = Spark.Infra.Tests\\Spark.Infra.Tests.csproj
		SccProjectName2 = Spark.Infra.Tests
		SccLocalPath2 = Spark.Infra.Tests
	EndGlobalSection
EndGlobal
